
Microsoft Visual Studio Solution File, Format Version 12.00
# Visual Studio Version 16
VisualStudioVersion = 16.0.30717.126
MinimumVisualStudioVersion = 10.0.40219.1
Project("{FAE04EC0-301F-11D3-BF4B-00C04F79EFBC}") = "AppApi", "AppApi.csproj", "{D00A56C4-9128-41E9-84B3-647864E0BDCA}"
EndProject
Global
	GlobalSection(SolutionConfigurationPlatforms) = preSolution
		Debug|Any CPU = Debug|Any CPU
		Release|Any CPU = Release|Any CPU
	EndGlobalSection
	GlobalSection(ProjectConfigurationPlatforms) = postSolution
		{D00A56C4-9128-41E9-84B3-647864E0BDCA}.Debug|Any CPU.ActiveCfg = Debug|Any CPU
		{D00A56C4-9128-41E9-84B3-647864E0BDCA}.Debug|Any CPU.Build.0 = Debug|Any CPU
		{D00A56C4-9128-41E9-84B3-647864E0BDCA}.Release|Any CPU.ActiveCfg = Release|Any CPU
		{D00A56C4-9128-41E9-84B3-647864E0BDCA}.Release|Any CPU.Build.0 = Release|Any CPU
	EndGlobalSection
	GlobalSection(SolutionProperties) = preSolution
		HideSolutionNode = FALSE
	EndGlobalSection
	GlobalSection(ExtensibilityGlobals) = postSolution
		SolutionGuid = {FEBA1806-8A89-4170-8D11-4DA960E06A96}
	EndGlobalSection
EndGlobal
